
Microsoft Visual Studio Solution File, Format Version 12.00
# Visual Studio Version 16
VisualStudioVersion = 16.0.32901.82
MinimumVisualStudioVersion = 10.0.40219.1
Project("{FAE04EC0-301F-11D3-BF4B-00C04F79EFBC}") = "Cronometragem_de_prova", "Cronometragem_de_prova\Cronometragem_de_prova.csproj", "{05E3C765-F87B-49A2-9B01-E1232430F2C1}"
EndProject
Global
	GlobalSection(SolutionConfigurationPlatforms) = preSolution
		Debug|Any CPU = Debug|Any CPU
		Release|Any CPU = Release|Any CPU
	EndGlobalSection
	GlobalSection(ProjectConfigurationPlatforms) = postSolution
		{05E3C765-F87B-49A2-9B01-E1232430F2C1}.Debug|Any CPU.ActiveCfg = Debug|Any CPU
		{05E3C765-F87B-49A2-9B01-E1232430F2C1}.Debug|Any CPU.Build.0 = Debug|Any CPU
		{05E3C765-F87B-49A2-9B01-E1232430F2C1}.Release|Any CPU.ActiveCfg = Release|Any CPU
		{05E3C765-F87B-49A2-9B01-E1232430F2C1}.Release|Any CPU.Build.0 = Release|Any CPU
	EndGlobalSection
	GlobalSection(SolutionProperties) = preSolution
		HideSolutionNode = FALSE
	EndGlobalSection
	GlobalSection(ExtensibilityGlobals) = postSolution
		SolutionGuid = {E77C0F87-E79B-4377-90BE-B72EA002A1A9}
	EndGlobalSection
EndGlobal
